
Microsoft Visual Studio Solution File, Format Version 12.00
# Visual Studio Version 16
VisualStudioVersion = 16.0.28922.388
MinimumVisualStudioVersion = 10.0.40219.1
Project("{FAE04EC0-301F-11D3-BF4B-00C04F79EFBC}") = "CustomSkillDemo", "CustomSkillDemo\CustomSkillDemo.csproj", "{1D94DF05-2A62-4AAC-9125-9544E1B06BAB}"
EndProject
Global
	GlobalSection(SolutionConfigurationPlatforms) = preSolution
		Debug|Any CPU = Debug|Any CPU
		Release|Any CPU = Release|Any CPU
	EndGlobalSection
	GlobalSection(ProjectConfigurationPlatforms) = postSolution
		{1D94DF05-2A62-4AAC-9125-9544E1B06BAB}.Debug|Any CPU.ActiveCfg = Debug|Any CPU
		{1D94DF05-2A62-4AAC-9125-9544E1B06BAB}.Debug|Any CPU.Build.0 = Debug|Any CPU
		{1D94DF05-2A62-4AAC-9125-9544E1B06BAB}.Release|Any CPU.ActiveCfg = Release|Any CPU
		{1D94DF05-2A62-4AAC-9125-9544E1B06BAB}.Release|Any CPU.Build.0 = Release|Any CPU
	EndGlobalSection
	GlobalSection(SolutionProperties) = preSolution
		HideSolutionNode = FALSE
	EndGlobalSection
	GlobalSection(ExtensibilityGlobals) = postSolution
		SolutionGuid = {E9328DEB-2980-49B4-A9D3-EF7F69A7F835}
	EndGlobalSection
EndGlobal
